PODS:
  - Flutter (1.0.0)
  - flutter_uae_pass (0.0.1):
    - Flutter
  - integration_test (0.0.1):
    - Flutter

DEPENDENCIES:
  - Flutter (from `Flutter`)
  - flutter_uae_pass (from `.symlinks/plugins/flutter_uae_pass/ios`)
  - integration_test (from `.symlinks/plugins/integration_test/ios`)

EXTERNAL SOURCES:
  Flutter:
    :path: Flutter
  flutter_uae_pass:
    :path: ".symlinks/plugins/flutter_uae_pass/ios"
  integration_test:
    :path: ".symlinks/plugins/integration_test/ios"

SPEC CHECKSUMS:
  Flutter: e0871f40cf51350855a761d2e70bf5af5b9b5de7
  flutter_uae_pass: dac4e8a790a97958cc92c5dc59330be5d9629d99
  integration_test: 13825b8a9334a850581300559b8839134b124670

PODFILE CHECKSUM: a57f30d18f102dd3ce366b1d62a55ecbef2158e5

COCOAPODS: 1.15.2
